// !$*UTF8*$!
{
	archiveVersion = 1;
	classes = {
	};
	objectVersion = 50;
	objects = {

/* Begin PBXBuildFile section */
		132C820D25C932F2001A471B /* AppDelegate.swift in Sources */ = {isa = PBXBuildFile; fileRef = 132C820C25C932F2001A471B /* AppDelegate.swift */; };
		132C820F25C932F2001A471B /* SceneDelegate.swift in Sources */ = {isa = PBXBuildFile; fileRef = 132C820E25C932F2001A471B /* SceneDelegate.swift */; };
		132C821125C932F2001A471B /* ViewController.swift in Sources */ = {isa = PBXBuildFile; fileRef = 132C821025C932F2001A471B /* ViewController.swift */; };
		132C821425C932F2001A471B /* Main.storyboard in Resources */ = {isa = PBXBuildFile; fileRef = 132C821225C932F2001A471B /* Main.storyboard */; };
		132C821625C932F4001A471B /* Assets.xcassets in Resources */ = {isa = PBXBuildFile; fileRef = 132C821525C932F4001A471B /* Assets.xcassets */; };
		132C821925C932F4001A471B /* LaunchScreen.storyboard in Resources */ = {isa = PBXBuildFile; fileRef = 132C821725C932F4001A471B /* LaunchScreen.storyboard */; };
		132C822425C932F4001A471B /* LookingMenuRXTests.swift in Sources */ = {isa = PBXBuildFile; fileRef = 132C822325C932F4001A471B /* LookingMenuRXTests.swift */; };
		132C822F25C932F5001A471B /* LookingMenuRXUITests.swift in Sources */ = {isa = PBXBuildFile; fileRef = 132C822E25C932F5001A471B /* LookingMenuRXUITests.swift */; };
/* End PBXBuildFile section */

/* Begin PBXContainerItemProxy section */
		132C822025C932F4001A471B /* PBXContainerItemProxy */ = {
			isa = PBXContainerItemProxy;
			containerPortal = 132C820125C932F2001A471B /* Project object */;
			proxyType = 1;
			remoteGlobalIDString = 132C820825C932F2001A471B;
			remoteInfo = LookingMenuRX;
		};
		132C822B25C932F5001A471B /* PBXContainerItemProxy */ = {
			isa = PBXContainerItemProxy;
			containerPortal = 132C820125C932F2001A471B /* Project object */;
			proxyType = 1;
			remoteGlobalIDString = 132C820825C932F2001A471B;
			remoteInfo = LookingMenuRX;
		};
/* End PBXContainerItemProxy section */

/* Begin PBXFileReference section */
		132C820925C932F2001A471B /* LookingMenuRX.app */ = {isa = PBXFileReference; explicitFileType = wrapper.application; includeInIndex = 0; path = LookingMenuRX.app; sourceTree = BUILT_PRODUCTS_DIR; };
		132C820C25C932F2001A471B /* AppDelegate.swift */ = {isa = PBXFileReference; lastKnownFileType = sourcecode.swift; path = AppDelegate.swift; sourceTree = "<group>"; };
		132C820E25C932F2001A471B /* SceneDelegate.swift */ = {isa = PBXFileReference; lastKnownFileType = sourcecode.swift; path = SceneDelegate.swift; sourceTree = "<group>"; };
		132C821025C932F2001A471B /* ViewController.swift */ = {isa = PBXFileReference; lastKnownFileType = sourcecode.swift; path = ViewController.swift; sourceTree = "<group>"; };
		132C821325C932F2001A471B /* Base */ = {isa = PBXFileReference; lastKnownFileType = file.storyboard; name = Base; path = Base.lproj/Main.storyboard; sourceTree = "<group>"; };
		132C821525C932F4001A471B /* Assets.xcassets */ = {isa = PBXFileReference; lastKnownFileType = folder.assetcatalog; path = Assets.xcassets; sourceTree = "<group>"; };
		132C821825C932F4001A471B /* Base */ = {isa = PBXFileReference; lastKnownFileType = file.storyboard; name = Base; path = Base.lproj/LaunchScreen.storyboard; sourceTree = "<group>"; };
		132C821A25C932F4001A471B /* Info.plist */ = {isa = PBXFileReference; lastKnownFileType = text.plist.xml; path = Info.plist; sourceTree = "<group>"; };
		132C821F25C932F4001A471B /* LookingMenuRXTests.xctest */ = {isa = PBXFileReference; explicitFileType = wrapper.cfbundle; includeInIndex = 0; path = LookingMenuRXTests.xctest; sourceTree = BUILT_PRODUCTS_DIR; };
		132C822325C932F4001A471B /* LookingMenuRXTests.swift */ = {isa = PBXFileReference; lastKnownFileType = sourcecode.swift; path = LookingMenuRXTests.swift; sourceTree = "<group>"; };
		132C822525C932F4001A471B /* Info.plist */ = {isa = PBXFileReference; lastKnownFileType = text.plist.xml; path = Info.plist; sourceTree = "<group>"; };
		132C822A25C932F5001A471B /* LookingMenuRXUITests.xctest */ = {isa = PBXFileReference; explicitFileType = wrapper.cfbundle; includeInIndex = 0; path = LookingMenuRXUITests.xctest; sourceTree = BUILT_PRODUCTS_DIR; };
		132C822E25C932F5001A471B /* LookingMenuRXUITests.swift */ = {isa = PBXFileReference; lastKnownFileType = sourcecode.swift; path = LookingMenuRXUITests.swift; sourceTree = "<group>"; };
		132C823025C932F5001A471B /* Info.plist */ = {isa = PBXFileReference; lastKnownFileType = text.plist.xml; path = Info.plist; sourceTree = "<group>"; };
/* End PBXFileReference section */

/* Begin PBXFrameworksBuildPhase section */
		132C820625C932F2001A471B /* Frameworks */ = {
			isa = PBXFrameworksBuildPhase;
			buildActionMask = 2147483647;
			files = (
			);
			runOnlyForDeploymentPostprocessing = 0;
		};
		132C821C25C932F4001A471B /* Frameworks */ = {
			isa = PBXFrameworksBuildPhase;
			buildActionMask = 2147483647;
			files = (
			);
			runOnlyForDeploymentPostprocessing = 0;
		};
		132C822725C932F5001A471B /* Frameworks */ = {
			isa = PBXFrameworksBuildPhase;
			buildActionMask = 2147483647;
			files = (
			);
			runOnlyForDeploymentPostprocessing = 0;
		};
/* End PBXFrameworksBuildPhase section */

/* Begin PBXGroup section */
		132C820025C932F2001A471B = {
			isa = PBXGroup;
			children = (
				132C820B25C932F2001A471B /* LookingMenuRX */,
				132C822225C932F4001A471B /* LookingMenuRXTests */,
				132C822D25C932F5001A471B /* LookingMenuRXUITests */,
				132C820A25C932F2001A471B /* Products */,
			);
			sourceTree = "<group>";
		};
		132C820A25C932F2001A471B /* Products */ = {
			isa = PBXGroup;
			children = (
				132C820925C932F2001A471B /* LookingMenuRX.app */,
				132C821F25C932F4001A471B /* LookingMenuRXTests.xctest */,
				132C822A25C932F5001A471B /* LookingMenuRXUITests.xctest */,
			);
			name = Products;
			sourceTree = "<group>";
		};
		132C820B25C932F2001A471B /* LookingMenuRX */ = {
			isa = PBXGroup;
			children = (
				132C820C25C932F2001A471B /* AppDelegate.swift */,
				132C820E25C932F2001A471B /* SceneDelegate.swift */,
				132C821025C932F2001A471B /* ViewController.swift */,
				132C821225C932F2001A471B /* Main.storyboard */,
				132C821525C932F4001A471B /* Assets.xcassets */,
				132C821725C932F4001A471B /* LaunchScreen.storyboard */,
				132C821A25C932F4001A471B /* Info.plist */,
			);
			path = LookingMenuRX;
			sourceTree = "<group>";
		};
		132C822225C932F4001A471B /* LookingMenuRXTests */ = {
			isa = PBXGroup;
			children = (
				132C822325C932F4001A471B /* LookingMenuRXTests.swift */,
				132C822525C932F4001A471B /* Info.plist */,
			);
			path = LookingMenuRXTests;
			sourceTree = "<group>";
		};
		132C822D25C932F5001A471B /* LookingMenuRXUITests */ = {
			isa = PBXGroup;
			children = (
				132C822E25C932F5001A471B /* LookingMenuRXUITests.swift */,
				132C823025C932F5001A471B /* Info.plist */,
			);
			path = LookingMenuRXUITests;
			sourceTree = "<group>";
		};
/* End PBXGroup section */

/* Begin PBXNativeTarget section */
		132C820825C932F2001A471B /* LookingMenuRX */ = {
			isa = PBXNativeTarget;
			buildConfigurationList = 132C823325C932F5001A471B /* Build configuration list for PBXNativeTarget "LookingMenuRX" */;
			buildPhases = (
				132C820525C932F2001A471B /* Sources */,
				132C820625C932F2001A471B /* Frameworks */,
				132C820725C932F2001A471B /* Resources */,
			);
			buildRules = (
			);
			dependencies = (
			);
			name = LookingMenuRX;
			productName = LookingMenuRX;
			productReference = 132C820925C932F2001A471B /* LookingMenuRX.app */;
			productType = "com.apple.product-type.application";
		};
		132C821E25C932F4001A471B /* LookingMenuRXTests */ = {
			isa = PBXNativeTarget;
			buildConfigurationList = 132C823625C932F5001A471B /* Build configuration list for PBXNativeTarget "LookingMenuRXTests" */;
			buildPhases = (
				132C821B25C932F4001A471B /* Sources */,
				132C821C25C932F4001A471B /* Frameworks */,
				132C821D25C932F4001A471B /* Resources */,
			);
			buildRules = (
			);
			dependencies = (
				132C822125C932F4001A471B /* PBXTargetDependency */,
			);
			name = LookingMenuRXTests;
			productName = LookingMenuRXTests;
			productReference = 132C821F25C932F4001A471B /* LookingMenuRXTests.xctest */;
			productType = "com.apple.product-type.bundle.unit-test";
		};
		132C822925C932F5001A471B /* LookingMenuRXUITests */ = {
			isa = PBXNativeTarget;
			buildConfigurationList = 132C823925C932F5001A471B /* Build configuration list for PBXNativeTarget "LookingMenuRXUITests" */;
			buildPhases = (
				132C822625C932F5001A471B /* Sources */,
				132C822725C932F5001A471B /* Frameworks */,
				132C822825C932F5001A471B /* Resources */,
			);
			buildRules = (
			);
			dependencies = (
				132C822C25C932F5001A471B /* PBXTargetDependency */,
			);
			name = LookingMenuRXUITests;
			productName = LookingMenuRXUITests;
			productReference = 132C822A25C932F5001A471B /* LookingMenuRXUITests.xctest */;
			productType = "com.apple.product-type.bundle.ui-testing";
		};
/* End PBXNativeTarget section */

/* Begin PBXProject section */
		132C820125C932F2001A471B /* Project object */ = {
			isa = PBXProject;
			attributes = {
				LastSwiftUpdateCheck = 1230;
				LastUpgradeCheck = 1230;
				TargetAttributes = {
					132C820825C932F2001A471B = {
						CreatedOnToolsVersion = 12.3;
					};
					132C821E25C932F4001A471B = {
						CreatedOnToolsVersion = 12.3;
						TestTargetID = 132C820825C932F2001A471B;
					};
					132C822925C932F5001A471B = {
						CreatedOnToolsVersion = 12.3;
						TestTargetID = 132C820825C932F2001A471B;
					};
				};
			};
			buildConfigurationList = 132C820425C932F2001A471B /* Build configuration list for PBXProject "LookingMenuRX" */;
			compatibilityVersion = "Xcode 9.3";
			developmentRegion = en;
			hasScannedForEncodings = 0;
			knownRegions = (
				en,
				Base,
			);
			mainGroup = 132C820025C932F2001A471B;
			productRefGroup = 132C820A25C932F2001A471B /* Products */;
			projectDirPath = "";
			projectRoot = "";
			targets = (
				132C820825C932F2001A471B /* LookingMenuRX */,
				132C821E25C932F4001A471B /* LookingMenuRXTests */,
				132C822925C932F5001A471B /* LookingMenuRXUITests */,
			);
		};
/* End PBXProject section */

/* Begin PBXResourcesBuildPhase section */
		132C820725C932F2001A471B /* Resources */ = {
			isa = PBXResourcesBuildPhase;
			buildActionMask = 2147483647;
			files = (
				132C821925C932F4001A471B /* LaunchScreen.storyboard in Resources */,
				132C821625C932F4001A471B /* Assets.xcassets in Resources */,
				132C821425C932F2001A471B /* Main.storyboard in Resources */,
			);
			runOnlyForDeploymentPostprocessing = 0;
		};
		132C821D25C932F4001A471B /* Resources */ = {
			isa = PBXResourcesBuildPhase;
			buildActionMask = 2147483647;
			files = (
			);
			runOnlyForDeploymentPostprocessing = 0;
		};
		132C822825C932F5001A471B /* Resources */ = {
			isa = PBXResourcesBuildPhase;
			buildActionMask = 2147483647;
			files = (
			);
			runOnlyForDeploymentPostprocessing = 0;
		};
/* End PBXResourcesBuildPhase section */

/* Begin PBXSourcesBuildPhase section */
		132C820525C932F2001A471B /* Sources */ = {
			isa = PBXSourcesBuildPhase;
			buildActionMask = 2147483647;
			files = (
				132C821125C932F2001A471B /* ViewController.swift in Sources */,
				132C820D25C932F2001A471B /* AppDelegate.swift in Sources */,
				132C820F25C932F2001A471B /* SceneDelegate.swift in Sources */,
			);
			runOnlyForDeploymentPostprocessing = 0;
		};
		132C821B25C932F4001A471B /* Sources */ = {
			isa = PBXSourcesBuildPhase;
			buildActionMask = 2147483647;
			files = (
				132C822425C932F4001A471B /* LookingMenuRXTests.swift in Sources */,
			);
			runOnlyForDeploymentPostprocessing = 0;
		};
		132C822625C932F5001A471B /* Sources */ = {
			isa = PBXSourcesBuildPhase;
			buildActionMask = 2147483647;
			files = (
				132C822F25C932F5001A471B /* LookingMenuRXUITests.swift in Sources */,
			);
			runOnlyForDeploymentPostprocessing = 0;
		};
/* End PBXSourcesBuildPhase section */

/* Begin PBXTargetDependency section */
		132C822125C932F4001A471B /* PBXTargetDependency */ = {
			isa = PBXTargetDependency;
			target = 132C820825C932F2001A471B /* LookingMenuRX */;
			targetProxy = 132C822025C932F4001A471B /* PBXContainerItemProxy */;
		};
		132C822C25C932F5001A471B /* PBXTargetDependency */ = {
			isa = PBXTargetDependency;
			target = 132C820825C932F2001A471B /* LookingMenuRX */;
			targetProxy = 132C822B25C932F5001A471B /* PBXContainerItemProxy */;
		};
/* End PBXTargetDependency section */

/* Begin PBXVariantGroup section */
		132C821225C932F2001A471B /* Main.storyboard */ = {
			isa = PBXVariantGroup;
			children = (
				132C821325C932F2001A471B /* Base */,
			);
			name = Main.storyboard;
			sourceTree = "<group>";
		};
		132C821725C932F4001A471B /* LaunchScreen.storyboard */ = {
			isa = PBXVariantGroup;
			children = (
				132C821825C932F4001A471B /* Base */,
			);
			name = LaunchScreen.storyboard;
			sourceTree = "<group>";
		};
/* End PBXVariantGroup section */

/* Begin XCBuildConfiguration section */
		132C823125C932F5001A471B /* Debug */ = {
			isa = XCBuildConfiguration;
			buildSettings = {
				ALWAYS_SEARCH_USER_PATHS = NO;
				CLANG_ANALYZER_NONNULL = YES;
				CLANG_ANALYZER_NUMBER_OBJECT_CONVERSION = YES_AGGRESSIVE;
				CLANG_CXX_LANGUAGE_STANDARD = "gnu++14";
				CLANG_CXX_LIBRARY = "libc++";
				CLANG_ENABLE_MODULES = YES;
				CLANG_ENABLE_OBJC_ARC = YES;
				CLANG_ENABLE_OBJC_WEAK = YES;
				CLANG_WARN_BLOCK_CAPTURE_AUTORELEASING = YES;
				CLANG_WARN_BOOL_CONVERSION = YES;
				CLANG_WARN_COMMA = YES;
				CLANG_WARN_CONSTANT_CONVERSION = YES;
				CLANG_WARN_DEPRECATED_OBJC_IMPLEMENTATIONS = YES;
				CLANG_WARN_DIRECT_OBJC_ISA_USAGE = YES_ERROR;
				CLANG_WARN_DOCUMENTATION_COMMENTS = YES;
				CLANG_WARN_EMPTY_BODY = YES;
				CLANG_WARN_ENUM_CONVERSION = YES;
				CLANG_WARN_INFINITE_RECURSION = YES;
				CLANG_WARN_INT_CONVERSION = YES;
				CLANG_WARN_NON_LITERAL_NULL_CONVERSION = YES;
				CLANG_WARN_OBJC_IMPLICIT_RETAIN_SELF = YES;
				CLANG_WARN_OBJC_LITERAL_CONVERSION = YES;
				CLANG_WARN_OBJC_ROOT_CLASS = YES_ERROR;
				CLANG_WARN_QUOTED_INCLUDE_IN_FRAMEWORK_HEADER = YES;
				CLANG_WARN_RANGE_LOOP_ANALYSIS = YES;
				CLANG_WARN_STRICT_PROTOTYPES = YES;
				CLANG_WARN_SUSPICIOUS_MOVE = YES;
				CLANG_WARN_UNGUARDED_AVAILABILITY = YES_AGGRESSIVE;
				CLANG_WARN_UNREACHABLE_CODE = YES;
				CLANG_WARN__DUPLICATE_METHOD_MATCH = YES;
				COPY_PHASE_STRIP = NO;
				DEBUG_INFORMATION_FORMAT = dwarf;
				ENABLE_STRICT_OBJC_MSGSEND = YES;
				ENABLE_TESTABILITY = YES;
				GCC_C_LANGUAGE_STANDARD = gnu11;
				GCC_DYNAMIC_NO_PIC = NO;
				GCC_NO_COMMON_BLOCKS = YES;
				GCC_OPTIMIZATION_LEVEL = 0;
				GCC_PREPROCESSOR_DEFINITIONS = (
					"DEBUG=1",
					"$(inherited)",
				);
				GCC_WARN_64_TO_32_BIT_CONVERSION = YES;
				GCC_WARN_ABOUT_RETURN_TYPE = YES_ERROR;
				GCC_WARN_UNDECLARED_SELECTOR = YES;
				GCC_WARN_UNINITIALIZED_AUTOS = YES_AGGRESSIVE;
				GCC_WARN_UNUSED_FUNCTION = YES;
				GCC_WARN_UNUSED_VARIABLE = YES;
				IPHONEOS_DEPLOYMENT_TARGET = 14.3;
				MTL_ENABLE_DEBUG_INFO = INCLUDE_SOURCE;
				MTL_FAST_MATH = YES;
				ONLY_ACTIVE_ARCH = YES;
				SDKROOT = iphoneos;
				SWIFT_ACTIVE_COMPILATION_CONDITIONS = DEBUG;
				SWIFT_OPTIMIZATION_LEVEL = "-Onone";
			};
			name = Debug;
		};
		132C823225C932F5001A471B /* Release */ = {
			isa = XCBuildConfiguration;
			buildSettings = {
				ALWAYS_SEARCH_USER_PATHS = NO;
				CLANG_ANALYZER_NONNULL = YES;
				CLANG_ANALYZER_NUMBER_OBJECT_CONVERSION = YES_AGGRESSIVE;
				CLANG_CXX_LANGUAGE_STANDARD = "gnu++14";
				CLANG_CXX_LIBRARY = "libc++";
				CLANG_ENABLE_MODULES = YES;
				CLANG_ENABLE_OBJC_ARC = YES;
				CLANG_ENABLE_OBJC_WEAK = YES;
				CLANG_WARN_BLOCK_CAPTURE_AUTORELEASING = YES;
				CLANG_WARN_BOOL_CONVERSION = YES;
				CLANG_WARN_COMMA = YES;
				CLANG_WARN_CONSTANT_CONVERSION = YES;
				CLANG_WARN_DEPRECATED_OBJC_IMPLEMENTATIONS = YES;
				CLANG_WARN_DIRECT_OBJC_ISA_USAGE = YES_ERROR;
				CLANG_WARN_DOCUMENTATION_COMMENTS = YES;
				CLANG_WARN_EMPTY_BODY = YES;
				CLANG_WARN_ENUM_CONVERSION = YES;
				CLANG_WARN_INFINITE_RECURSION = YES;
				CLANG_WARN_INT_CONVERSION = YES;
				CLANG_WARN_NON_LITERAL_NULL_CONVERSION = YES;
				CLANG_WARN_OBJC_IMPLICIT_RETAIN_SELF = YES;
				CLANG_WARN_OBJC_LITERAL_CONVERSION = YES;
				CLANG_WARN_OBJC_ROOT_CLASS = YES_ERROR;
				CLANG_WARN_QUOTED_INCLUDE_IN_FRAMEWORK_HEADER = YES;
				CLANG_WARN_RANGE_LOOP_ANALYSIS = YES;
				CLANG_WARN_STRICT_PROTOTYPES = YES;
				CLANG_WARN_SUSPICIOUS_MOVE = YES;
				CLANG_WARN_UNGUARDED_AVAILABILITY = YES_AGGRESSIVE;
				CLANG_WARN_UNREACHABLE_CODE = YES;
				CLANG_WARN__DUPLICATE_METHOD_MATCH = YES;
				COPY_PHASE_STRIP = NO;
				DEBUG_INFORMATION_FORMAT = "dwarf-with-dsym";
				ENABLE_NS_ASSERTIONS = NO;
				ENABLE_STRICT_OBJC_MSGSEND = YES;
				GCC_C_LANGUAGE_STANDARD = gnu11;
				GCC_NO_COMMON_BLOCKS = YES;
				GCC_WARN_64_TO_32_BIT_CONVERSION = YES;
				GCC_WARN_ABOUT_RETURN_TYPE = YES_ERROR;
				GCC_WARN_UNDECLARED_SELECTOR = YES;
				GCC_WARN_UNINITIALIZED_AUTOS = YES_AGGRESSIVE;
				GCC_WARN_UNUSED_FUNCTION = YES;
				GCC_WARN_UNUSED_VARIABLE = YES;
				IPHONEOS_DEPLOYMENT_TARGET = 14.3;
				MTL_ENABLE_DEBUG_INFO = NO;
				MTL_FAST_MATH = YES;
				SDKROOT = iphoneos;
				SWIFT_COMPILATION_MODE = wholemodule;
				SWIFT_OPTIMIZATION_LEVEL = "-O";
				VALIDATE_PRODUCT = YES;
			};
			name = Release;
		};
		132C823425C932F5001A471B /* Debug */ = {
			isa = XCBuildConfiguration;
			buildSettings = {
				ASSETCATALOG_COMPILER_APPICON_NAME = AppIcon;
				ASSETCATALOG_COMPILER_GLOBAL_ACCENT_COLOR_NAME = AccentColor;
				CODE_SIGN_STYLE = Automatic;
				DEVELOPMENT_TEAM = D2Q8VQ7WJZ;
				INFOPLIST_FILE = LookingMenuRX/Info.plist;
				LD_RUNPATH_SEARCH_PATHS = (
					"$(inherited)",
					"@executable_path/Frameworks",
				);
				PRODUCT_BUNDLE_IDENTIFIER = com.than.duc.huy.LookingMenuRX;
				PRODUCT_NAME = "$(TARGET_NAME)";
				SWIFT_VERSION = 5.0;
				TARGETED_DEVICE_FAMILY = "1,2";
			};
			name = Debug;
		};
		132C823525C932F5001A471B /* Release */ = {
			isa = XCBuildConfiguration;
			buildSettings = {
				ASSETCATALOG_COMPILER_APPICON_NAME = AppIcon;
				ASSETCATALOG_COMPILER_GLOBAL_ACCENT_COLOR_NAME = AccentColor;
				CODE_SIGN_STYLE = Automatic;
				DEVELOPMENT_TEAM = D2Q8VQ7WJZ;
				INFOPLIST_FILE = LookingMenuRX/Info.plist;
				LD_RUNPATH_SEARCH_PATHS = (
					"$(inherited)",
					"@executable_path/Frameworks",
				);
				PRODUCT_BUNDLE_IDENTIFIER = com.than.duc.huy.LookingMenuRX;
				PRODUCT_NAME = "$(TARGET_NAME)";
				SWIFT_VERSION = 5.0;
				TARGETED_DEVICE_FAMILY = "1,2";
			};
			name = Release;
		};
		132C823725C932F5001A471B /* Debug */ = {
			isa = XCBuildConfiguration;
			buildSettings = {
				ALWAYS_EMBED_SWIFT_STANDARD_LIBRARIES = YES;
				BUNDLE_LOADER = "$(TEST_HOST)";
				CODE_SIGN_STYLE = Automatic;
				DEVELOPMENT_TEAM = D2Q8VQ7WJZ;
				INFOPLIST_FILE = LookingMenuRXTests/Info.plist;
				IPHONEOS_DEPLOYMENT_TARGET = 14.3;
				LD_RUNPATH_SEARCH_PATHS = (
					"$(inherited)",
					"@executable_path/Frameworks",
					"@loader_path/Frameworks",
				);
				PRODUCT_BUNDLE_IDENTIFIER = com.than.duc.huy.LookingMenuRXTests;
				PRODUCT_NAME = "$(TARGET_NAME)";
				SWIFT_VERSION = 5.0;
				TARGETED_DEVICE_FAMILY = "1,2";
				TEST_HOST = "$(BUILT_PRODUCTS_DIR)/LookingMenuRX.app/LookingMenuRX";
			};
			name = Debug;
		};
		132C823825C932F5001A471B /* Release */ = {
			isa = XCBuildConfiguration;
			buildSettings = {
				ALWAYS_EMBED_SWIFT_STANDARD_LIBRARIES = YES;
				BUNDLE_LOADER = "$(TEST_HOST)";
				CODE_SIGN_STYLE = Automatic;
				DEVELOPMENT_TEAM = D2Q8VQ7WJZ;
				INFOPLIST_FILE = LookingMenuRXTests/Info.plist;
				IPHONEOS_DEPLOYMENT_TARGET = 14.3;
				LD_RUNPATH_SEARCH_PATHS = (
					"$(inherited)",
					"@executable_path/Frameworks",
					"@loader_path/Frameworks",
				);
				PRODUCT_BUNDLE_IDENTIFIER = com.than.duc.huy.LookingMenuRXTests;
				PRODUCT_NAME = "$(TARGET_NAME)";
				SWIFT_VERSION = 5.0;
				TARGETED_DEVICE_FAMILY = "1,2";
				TEST_HOST = "$(BUILT_PRODUCTS_DIR)/LookingMenuRX.app/LookingMenuRX";
			};
			name = Release;
		};
		132C823A25C932F5001A471B /* Debug */ = {
			isa = XCBuildConfiguration;
			buildSettings = {
				ALWAYS_EMBED_SWIFT_STANDARD_LIBRARIES = YES;
				CODE_SIGN_STYLE = Automatic;
				DEVELOPMENT_TEAM = D2Q8VQ7WJZ;
				INFOPLIST_FILE = LookingMenuRXUITests/Info.plist;
				LD_RUNPATH_SEARCH_PATHS = (
					"$(inherited)",
					"@executable_path/Frameworks",
					"@loader_path/Frameworks",
				);
				PRODUCT_BUNDLE_IDENTIFIER = com.than.duc.huy.LookingMenuRXUITests;
				PRODUCT_NAME = "$(TARGET_NAME)";
				SWIFT_VERSION = 5.0;
				TARGETED_DEVICE_FAMILY = "1,2";
				TEST_TARGET_NAME = LookingMenuRX;
			};
			name = Debug;
		};
		132C823B25C932F5001A471B /* Release */ = {
			isa = XCBuildConfiguration;
			buildSettings = {
				ALWAYS_EMBED_SWIFT_STANDARD_LIBRARIES = YES;
				CODE_SIGN_STYLE = Automatic;
				DEVELOPMENT_TEAM = D2Q8VQ7WJZ;
				INFOPLIST_FILE = LookingMenuRXUITests/Info.plist;
				LD_RUNPATH_SEARCH_PATHS = (
					"$(inherited)",
					"@executable_path/Frameworks",
					"@loader_path/Frameworks",
				);
				PRODUCT_BUNDLE_IDENTIFIER = com.than.duc.huy.LookingMenuRXUITests;
				PRODUCT_NAME = "$(TARGET_NAME)";
				SWIFT_VERSION = 5.0;
				TARGETED_DEVICE_FAMILY = "1,2";
				TEST_TARGET_NAME = LookingMenuRX;
			};
			name = Release;
		};
/* End XCBuildConfiguration section */

/* Begin XCConfigurationList section */
		132C820425C932F2001A471B /* Build configuration list for PBXProject "LookingMenuRX" */ = {
			isa = XCConfigurationList;
			buildConfigurations = (
				132C823125C932F5001A471B /* Debug */,
				132C823225C932F5001A471B /* Release */,
			);
			defaultConfigurationIsVisible = 0;
			defaultConfigurationName = Release;
		};
		132C823325C932F5001A471B /* Build configuration list for PBXNativeTarget "LookingMenuRX" */ = {
			isa = XCConfigurationList;
			buildConfigurations = (
				132C823425C932F5001A471B /* Debug */,
				132C823525C932F5001A471B /* Release */,
			);
			defaultConfigurationIsVisible = 0;
			defaultConfigurationName = Release;
		};
		132C823625C932F5001A471B /* Build configuration list for PBXNativeTarget "LookingMenuRXTests" */ = {
			isa = XCConfigurationList;
			buildConfigurations = (
				132C823725C932F5001A471B /* Debug */,
				132C823825C932F5001A471B /* Release */,
			);
			defaultConfigurationIsVisible = 0;
			defaultConfigurationName = Release;
		};
		132C823925C932F5001A471B /* Build configuration list for PBXNativeTarget "LookingMenuRXUITests" */ = {
			isa = XCConfigurationList;
			buildConfigurations = (
				132C823A25C932F5001A471B /* Debug */,
				132C823B25C932F5001A471B /* Release */,
			);
			defaultConfigurationIsVisible = 0;
			defaultConfigurationName = Release;
		};
/* End XCConfigurationList section */
	};
	rootObject = 132C820125C932F2001A471B /* Project object */;
}
